
Microsoft Visual Studio Solution File, Format Version 12.00
# Visual Studio Version 16
VisualStudioVersion = 16.0.31702.278
MinimumVisualStudioVersion = 10.0.40219.1
Project("{FAE04EC0-301F-11D3-BF4B-00C04F79EFBC}") = "SVTRoboticsTakeHome", "SVTRoboticsTakeHome\SVTRoboticsTakeHome.csproj", "{CEB89E2A-F0C5-4844-95E1-E506499C8B1C}"
EndProject
Global
	GlobalSection(SolutionConfigurationPlatforms) = preSolution
		Debug|Any CPU = Debug|Any CPU
		Release|Any CPU = Release|Any CPU
	EndGlobalSection
	GlobalSection(ProjectConfigurationPlatforms) = postSolution
		{CEB89E2A-F0C5-4844-95E1-E506499C8B1C}.Debug|Any CPU.ActiveCfg = Debug|Any CPU
		{CEB89E2A-F0C5-4844-95E1-E506499C8B1C}.Debug|Any CPU.Build.0 = Debug|Any CPU
		{CEB89E2A-F0C5-4844-95E1-E506499C8B1C}.Release|Any CPU.ActiveCfg = Release|Any CPU
		{CEB89E2A-F0C5-4844-95E1-E506499C8B1C}.Release|Any CPU.Build.0 = Release|Any CPU
	EndGlobalSection
	GlobalSection(SolutionProperties) = preSolution
		HideSolutionNode = FALSE
	EndGlobalSection
	GlobalSection(ExtensibilityGlobals) = postSolution
		SolutionGuid = {915A66E5-3745-4318-8354-1DD5643C501E}
	EndGlobalSection
EndGlobal
